// !$*UTF8*$!
{
	archiveVersion = 1;
	classes = {
	};
	objectVersion = 77;
	objects = {

/* Begin PBXBuildFile section */
		82DC4C612E3EC2E4007321FE /* Preview Assets.xcassets in Resources */ = {isa = PBXBuildFile; fileRef = 82DC4C5B2E3EC2E4007321FE /* Preview Assets.xcassets */; };
		82DC4C622E3EC2E4007321FE /* Assets.xcassets in Resources */ = {isa = PBXBuildFile; fileRef = 82DC4C5D2E3EC2E4007321FE /* Assets.xcassets */; };
		82DC4C632E3EC2E4007321FE /* PasswordView.swift in Sources */ = {isa = PBXBuildFile; fileRef = 82DC4C5E2E3EC2E4007321FE /* PasswordView.swift */; };
		82DC4C642E3EC2E4007321FE /* PassRustApp.swift in Sources */ = {isa = PBXBuildFile; fileRef = 82DC4C5F2E3EC2E4007321FE /* PassRustApp.swift */; };
		82DC4C742E3ECA85007321FE /* rust_core.xcframework in Frameworks */ = {isa = PBXBuildFile; fileRef = 82DC4C732E3ECA84007321FE /* rust_core.xcframework */; };
		82DC4C752E3ECA85007321FE /* rust_core.xcframework in Embed Frameworks */ = {isa = PBXBuildFile; fileRef = 82DC4C732E3ECA84007321FE /* rust_core.xcframework */; settings = {ATTRIBUTES = (CodeSignOnCopy, RemoveHeadersOnCopy, ); }; };
		82DC4D052E43FB09007321FE /* RustBridge.swift in Sources */ = {isa = PBXBuildFile; fileRef = 82DC4D042E43FB08007321FE /* RustBridge.swift */; };
		82DC4D082E43FBB3007321FE /* PasswordViewModel.swift in Sources */ = {isa = PBXBuildFile; fileRef = 82DC4D072E43FBB1007321FE /* PasswordViewModel.swift */; };
/* End PBXBuildFile section */

/* Begin PBXCopyFilesBuildPhase section */
		82DC4C762E3ECA85007321FE /* Embed Frameworks */ = {
			isa = PBXCopyFilesBuildPhase;
			buildActionMask = 2147483647;
			dstPath = "";
			dstSubfolderSpec = 10;
			files = (
				82DC4C752E3ECA85007321FE /* rust_core.xcframework in Embed Frameworks */,
			);
			name = "Embed Frameworks";
			runOnlyForDeploymentPostprocessing = 0;
		};
/* End PBXCopyFilesBuildPhase section */

/* Begin PBXFileReference section */
		82DC4C4A2E3EC274007321FE /* PassRust.app */ = {isa = PBXFileReference; explicitFileType = wrapper.application; includeInIndex = 0; path = PassRust.app; sourceTree = BUILT_PRODUCTS_DIR; };
		82DC4C5B2E3EC2E4007321FE /* Preview Assets.xcassets */ = {isa = PBXFileReference; lastKnownFileType = folder.assetcatalog; path = "Preview Assets.xcassets"; sourceTree = "<group>"; };
		82DC4C5D2E3EC2E4007321FE /* Assets.xcassets */ = {isa = PBXFileReference; lastKnownFileType = folder.assetcatalog; path = Assets.xcassets; sourceTree = "<group>"; };
		82DC4C5E2E3EC2E4007321FE /* PasswordView.swift */ = {isa = PBXFileReference; lastKnownFileType = sourcecode.swift; path = PasswordView.swift; sourceTree = "<group>"; };
		82DC4C5F2E3EC2E4007321FE /* PassRustApp.swift */ = {isa = PBXFileReference; lastKnownFileType = sourcecode.swift; path = PassRustApp.swift; sourceTree = "<group>"; };
		82DC4C6A2E3EC5DE007321FE /* PassRust-Bridging-Header.h */ = {isa = PBXFileReference; lastKnownFileType = sourcecode.c.h; path = "PassRust-Bridging-Header.h"; sourceTree = "<group>"; };
		82DC4C6D2E3EC6FE007321FE /* bridge.h */ = {isa = PBXFileReference; lastKnownFileType = sourcecode.c.h; name = bridge.h; path = ../rust_core/bridge.h; sourceTree = SOURCE_ROOT; };
		82DC4C732E3ECA84007321FE /* rust_core.xcframework */ = {isa = PBXFileReference; lastKnownFileType = wrapper.xcframework; name = rust_core.xcframework; path = ../rust_core/target/xcframework/rust_core.xcframework; sourceTree = "<group>"; };
		82DC4D042E43FB08007321FE /* RustBridge.swift */ = {isa = PBXFileReference; lastKnownFileType = sourcecode.swift; path = RustBridge.swift; sourceTree = "<group>"; };
		82DC4D072E43FBB1007321FE /* PasswordViewModel.swift */ = {isa = PBXFileReference; lastKnownFileType = sourcecode.swift; path = PasswordViewModel.swift; sourceTree = "<group>"; };
/* End PBXFileReference section */

/* Begin PBXFrameworksBuildPhase section */
		82DC4C472E3EC274007321FE /* Frameworks */ = {
			isa = PBXFrameworksBuildPhase;
			buildActionMask = 2147483647;
			files = (
				82DC4C742E3ECA85007321FE /* rust_core.xcframework in Frameworks */,
			);
			runOnlyForDeploymentPostprocessing = 0;
		};
/* End PBXFrameworksBuildPhase section */

/* Begin PBXGroup section */
		82DC4C412E3EC274007321FE = {
			isa = PBXGroup;
			children = (
				82DC4C602E3EC2E4007321FE /* PassRust */,
				82DC4C4B2E3EC274007321FE /* Products */,
				82DC4C6A2E3EC5DE007321FE /* PassRust-Bridging-Header.h */,
				82DC4C722E3ECA84007321FE /* Frameworks */,
			);
			sourceTree = "<group>";
		};
		82DC4C4B2E3EC274007321FE /* Products */ = {
			isa = PBXGroup;
			children = (
				82DC4C4A2E3EC274007321FE /* PassRust.app */,
			);
			name = Products;
			sourceTree = "<group>";
		};
		82DC4C5C2E3EC2E4007321FE /* Preview Content */ = {
			isa = PBXGroup;
			children = (
				82DC4C5B2E3EC2E4007321FE /* Preview Assets.xcassets */,
			);
			path = "Preview Content";
			sourceTree = "<group>";
		};
		82DC4C602E3EC2E4007321FE /* PassRust */ = {
			isa = PBXGroup;
			children = (
				82DC4C5D2E3EC2E4007321FE /* Assets.xcassets */,
				82DC4C5C2E3EC2E4007321FE /* Preview Content */,
				82DC4C652E3EC2E6007321FE /* RustLib */,
				82DC4D062E43FBA1007321FE /* viewModel */,
				82DC4D092E43FC4A007321FE /* view */,
				82DC4C5F2E3EC2E4007321FE /* PassRustApp.swift */,
			);
			path = PassRust;
			sourceTree = "<group>";
		};
		82DC4C652E3EC2E6007321FE /* RustLib */ = {
			isa = PBXGroup;
			children = (
				82DC4C6D2E3EC6FE007321FE /* bridge.h */,
				82DC4D042E43FB08007321FE /* RustBridge.swift */,
			);
			path = RustLib;
			sourceTree = "<group>";
		};
		82DC4C722E3ECA84007321FE /* Frameworks */ = {
			isa = PBXGroup;
			children = (
				82DC4C732E3ECA84007321FE /* rust_core.xcframework */,
			);
			name = Frameworks;
			sourceTree = "<group>";
		};
		82DC4D062E43FBA1007321FE /* viewModel */ = {
			isa = PBXGroup;
			children = (
				82DC4D072E43FBB1007321FE /* PasswordViewModel.swift */,
			);
			path = viewModel;
			sourceTree = "<group>";
		};
		82DC4D092E43FC4A007321FE /* view */ = {
			isa = PBXGroup;
			children = (
				82DC4C5E2E3EC2E4007321FE /* PasswordView.swift */,
			);
			path = view;
			sourceTree = "<group>";
		};
/* End PBXGroup section */

/* Begin PBXNativeTarget section */
		82DC4C492E3EC274007321FE /* PassRust */ = {
			isa = PBXNativeTarget;
			buildConfigurationList = 82DC4C582E3EC276007321FE /* Build configuration list for PBXNativeTarget "PassRust" */;
			buildPhases = (
				82DC4C462E3EC274007321FE /* Sources */,
				82DC4C472E3EC274007321FE /* Frameworks */,
				82DC4C482E3EC274007321FE /* Resources */,
				82DC4C762E3ECA85007321FE /* Embed Frameworks */,
			);
			buildRules = (
			);
			dependencies = (
			);
			name = PassRust;
			packageProductDependencies = (
			);
			productName = PassRust;
			productReference = 82DC4C4A2E3EC274007321FE /* PassRust.app */;
			productType = "com.apple.product-type.application";
		};
/* End PBXNativeTarget section */

/* Begin PBXProject section */
		82DC4C422E3EC274007321FE /* Project object */ = {
			isa = PBXProject;
			attributes = {
				BuildIndependentTargetsInParallel = 1;
				LastSwiftUpdateCheck = 1610;
				LastUpgradeCheck = 1610;
				TargetAttributes = {
					82DC4C492E3EC274007321FE = {
						CreatedOnToolsVersion = 16.1;
						LastSwiftMigration = 1610;
					};
				};
			};
			buildConfigurationList = 82DC4C452E3EC274007321FE /* Build configuration list for PBXProject "PassRust" */;
			developmentRegion = en;
			hasScannedForEncodings = 0;
			knownRegions = (
				en,
				Base,
			);
			mainGroup = 82DC4C412E3EC274007321FE;
			minimizedProjectReferenceProxies = 1;
			preferredProjectObjectVersion = 77;
			productRefGroup = 82DC4C4B2E3EC274007321FE /* Products */;
			projectDirPath = "";
			projectRoot = "";
			targets = (
				82DC4C492E3EC274007321FE /* PassRust */,
			);
		};
/* End PBXProject section */

/* Begin PBXResourcesBuildPhase section */
		82DC4C482E3EC274007321FE /* Resources */ = {
			isa = PBXResourcesBuildPhase;
			buildActionMask = 2147483647;
			files = (
				82DC4C612E3EC2E4007321FE /* Preview Assets.xcassets in Resources */,
				82DC4C622E3EC2E4007321FE /* Assets.xcassets in Resources */,
			);
			runOnlyForDeploymentPostprocessing = 0;
		};
/* End PBXResourcesBuildPhase section */

/* Begin PBXSourcesBuildPhase section */
		82DC4C462E3EC274007321FE /* Sources */ = {
			isa = PBXSourcesBuildPhase;
			buildActionMask = 2147483647;
			files = (
				82DC4D052E43FB09007321FE /* RustBridge.swift in Sources */,
				82DC4D082E43FBB3007321FE /* PasswordViewModel.swift in Sources */,
				82DC4C632E3EC2E4007321FE /* PasswordView.swift in Sources */,
				82DC4C642E3EC2E4007321FE /* PassRustApp.swift in Sources */,
			);
			runOnlyForDeploymentPostprocessing = 0;
		};
/* End PBXSourcesBuildPhase section */

/* Begin XCBuildConfiguration section */
		82DC4C562E3EC276007321FE /* Debug */ = {
			isa = XCBuildConfiguration;
			buildSettings = {
				ALWAYS_SEARCH_USER_PATHS = NO;
				ASSETCATALOG_COMPILER_GENERATE_SWIFT_ASSET_SYMBOL_EXTENSIONS = YES;
				CLANG_ANALYZER_NONNULL = YES;
				CLANG_ANALYZER_NUMBER_OBJECT_CONVERSION = YES_AGGRESSIVE;
				CLANG_CXX_LANGUAGE_STANDARD = "gnu++20";
				CLANG_ENABLE_MODULES = YES;
				CLANG_ENABLE_OBJC_ARC = YES;
				CLANG_ENABLE_OBJC_WEAK = YES;
				CLANG_WARN_BLOCK_CAPTURE_AUTORELEASING = YES;
				CLANG_WARN_BOOL_CONVERSION = YES;
				CLANG_WARN_COMMA = YES;
				CLANG_WARN_CONSTANT_CONVERSION = YES;
				CLANG_WARN_DEPRECATED_OBJC_IMPLEMENTATIONS = YES;
				CLANG_WARN_DIRECT_OBJC_ISA_USAGE = YES_ERROR;
				CLANG_WARN_DOCUMENTATION_COMMENTS = YES;
				CLANG_WARN_EMPTY_BODY = YES;
				CLANG_WARN_ENUM_CONVERSION = YES;
				CLANG_WARN_INFINITE_RECURSION = YES;
				CLANG_WARN_INT_CONVERSION = YES;
				CLANG_WARN_NON_LITERAL_NULL_CONVERSION = YES;
				CLANG_WARN_OBJC_IMPLICIT_RETAIN_SELF = YES;
				CLANG_WARN_OBJC_LITERAL_CONVERSION = YES;
				CLANG_WARN_OBJC_ROOT_CLASS = YES_ERROR;
				CLANG_WARN_QUOTED_INCLUDE_IN_FRAMEWORK_HEADER = YES;
				CLANG_WARN_RANGE_LOOP_ANALYSIS = YES;
				CLANG_WARN_STRICT_PROTOTYPES = YES;
				CLANG_WARN_SUSPICIOUS_MOVE = YES;
				CLANG_WARN_UNGUARDED_AVAILABILITY = YES_AGGRESSIVE;
				CLANG_WARN_UNREACHABLE_CODE = YES;
				CLANG_WARN__DUPLICATE_METHOD_MATCH = YES;
				COPY_PHASE_STRIP = NO;
				DEBUG_INFORMATION_FORMAT = dwarf;
				ENABLE_STRICT_OBJC_MSGSEND = YES;
				ENABLE_TESTABILITY = YES;
				ENABLE_USER_SCRIPT_SANDBOXING = YES;
				GCC_C_LANGUAGE_STANDARD = gnu17;
				GCC_DYNAMIC_NO_PIC = NO;
				GCC_NO_COMMON_BLOCKS = YES;
				GCC_OPTIMIZATION_LEVEL = 0;
				GCC_PREPROCESSOR_DEFINITIONS = (
					"DEBUG=1",
					"$(inherited)",
				);
				GCC_WARN_64_TO_32_BIT_CONVERSION = YES;
				GCC_WARN_ABOUT_RETURN_TYPE = YES_ERROR;
				GCC_WARN_UNDECLARED_SELECTOR = YES;
				GCC_WARN_UNINITIALIZED_AUTOS = YES_AGGRESSIVE;
				GCC_WARN_UNUSED_FUNCTION = YES;
				GCC_WARN_UNUSED_VARIABLE = YES;
				IPHONEOS_DEPLOYMENT_TARGET = 18.1;
				LOCALIZATION_PREFERS_STRING_CATALOGS = YES;
				MTL_ENABLE_DEBUG_INFO = INCLUDE_SOURCE;
				MTL_FAST_MATH = YES;
				ONLY_ACTIVE_ARCH = YES;
				SDKROOT = iphoneos;
				SWIFT_ACTIVE_COMPILATION_CONDITIONS = "DEBUG $(inherited)";
				SWIFT_OPTIMIZATION_LEVEL = "-Onone";
			};
			name = Debug;
		};
		82DC4C572E3EC276007321FE /* Release */ = {
			isa = XCBuildConfiguration;
			buildSettings = {
				ALWAYS_SEARCH_USER_PATHS = NO;
				ASSETCATALOG_COMPILER_GENERATE_SWIFT_ASSET_SYMBOL_EXTENSIONS = YES;
				CLANG_ANALYZER_NONNULL = YES;
				CLANG_ANALYZER_NUMBER_OBJECT_CONVERSION = YES_AGGRESSIVE;
				CLANG_CXX_LANGUAGE_STANDARD = "gnu++20";
				CLANG_ENABLE_MODULES = YES;
				CLANG_ENABLE_OBJC_ARC = YES;
				CLANG_ENABLE_OBJC_WEAK = YES;
				CLANG_WARN_BLOCK_CAPTURE_AUTORELEASING = YES;
				CLANG_WARN_BOOL_CONVERSION = YES;
				CLANG_WARN_COMMA = YES;
				CLANG_WARN_CONSTANT_CONVERSION = YES;
				CLANG_WARN_DEPRECATED_OBJC_IMPLEMENTATIONS = YES;
				CLANG_WARN_DIRECT_OBJC_ISA_USAGE = YES_ERROR;
				CLANG_WARN_DOCUMENTATION_COMMENTS = YES;
				CLANG_WARN_EMPTY_BODY = YES;
				CLANG_WARN_ENUM_CONVERSION = YES;
				CLANG_WARN_INFINITE_RECURSION = YES;
				CLANG_WARN_INT_CONVERSION = YES;
				CLANG_WARN_NON_LITERAL_NULL_CONVERSION = YES;
				CLANG_WARN_OBJC_IMPLICIT_RETAIN_SELF = YES;
				CLANG_WARN_OBJC_LITERAL_CONVERSION = YES;
				CLANG_WARN_OBJC_ROOT_CLASS = YES_ERROR;
				CLANG_WARN_QUOTED_INCLUDE_IN_FRAMEWORK_HEADER = YES;
				CLANG_WARN_RANGE_LOOP_ANALYSIS = YES;
				CLANG_WARN_STRICT_PROTOTYPES = YES;
				CLANG_WARN_SUSPICIOUS_MOVE = YES;
				CLANG_WARN_UNGUARDED_AVAILABILITY = YES_AGGRESSIVE;
				CLANG_WARN_UNREACHABLE_CODE = YES;
				CLANG_WARN__DUPLICATE_METHOD_MATCH = YES;
				COPY_PHASE_STRIP = NO;
				DEBUG_INFORMATION_FORMAT = "dwarf-with-dsym";
				ENABLE_NS_ASSERTIONS = NO;
				ENABLE_STRICT_OBJC_MSGSEND = YES;
				ENABLE_USER_SCRIPT_SANDBOXING = YES;
				GCC_C_LANGUAGE_STANDARD = gnu17;
				GCC_NO_COMMON_BLOCKS = YES;
				GCC_WARN_64_TO_32_BIT_CONVERSION = YES;
				GCC_WARN_ABOUT_RETURN_TYPE = YES_ERROR;
				GCC_WARN_UNDECLARED_SELECTOR = YES;
				GCC_WARN_UNINITIALIZED_AUTOS = YES_AGGRESSIVE;
				GCC_WARN_UNUSED_FUNCTION = YES;
				GCC_WARN_UNUSED_VARIABLE = YES;
				IPHONEOS_DEPLOYMENT_TARGET = 18.1;
				LOCALIZATION_PREFERS_STRING_CATALOGS = YES;
				MTL_ENABLE_DEBUG_INFO = NO;
				MTL_FAST_MATH = YES;
				SDKROOT = iphoneos;
				SWIFT_COMPILATION_MODE = wholemodule;
				VALIDATE_PRODUCT = YES;
			};
			name = Release;
		};
		82DC4C592E3EC276007321FE /* Debug */ = {
			isa = XCBuildConfiguration;
			buildSettings = {
				ASSETCATALOG_COMPILER_APPICON_NAME = AppIcon;
				ASSETCATALOG_COMPILER_GLOBAL_ACCENT_COLOR_NAME = AccentColor;
				CLANG_ENABLE_MODULES = YES;
				CODE_SIGN_STYLE = Automatic;
				CURRENT_PROJECT_VERSION = 1;
				DEVELOPMENT_ASSET_PATHS = "\"PassRust/Preview Content\"";
				DEVELOPMENT_TEAM = 8JH59DJ45H;
				ENABLE_PREVIEWS = YES;
				FRAMEWORK_SEARCH_PATHS = "$(PROJECT_DIR)/../rust_core/target/xcframework";
				GENERATE_INFOPLIST_FILE = YES;
				INFOPLIST_KEY_UIApplicationSceneManifest_Generation = YES;
				INFOPLIST_KEY_UIApplicationSupportsIndirectInputEvents = YES;
				INFOPLIST_KEY_UILaunchScreen_Generation = YES;
				INFOPLIST_KEY_UISupportedInterfaceOrientations_iPad = "UIInterfaceOrientationPortrait UIInterfaceOrientationPortraitUpsideDown UIInterfaceOrientationLandscapeLeft UIInterfaceOrientationLandscapeRight";
				INFOPLIST_KEY_UISupportedInterfaceOrientations_iPhone = "UIInterfaceOrientationPortrait UIInterfaceOrientationLandscapeLeft UIInterfaceOrientationLandscapeRight";
				LD_RUNPATH_SEARCH_PATHS = (
					"$(inherited)",
					"@executable_path/Frameworks",
				);
				LIBRARY_SEARCH_PATHS = (
					"$(inherited)",
					"$(PROJECT_DIR)/PassRust/RustLib",
				);
				MARKETING_VERSION = 1.0;
				PRODUCT_BUNDLE_IDENTIFIER = geo.PassRust;
				PRODUCT_NAME = "$(TARGET_NAME)";
				SWIFT_EMIT_LOC_STRINGS = YES;
				SWIFT_OBJC_BRIDGING_HEADER = "PassRust-Bridging-Header.h";
				SWIFT_OPTIMIZATION_LEVEL = "-Onone";
				SWIFT_VERSION = 5.0;
				TARGETED_DEVICE_FAMILY = "1,2";
			};
			name = Debug;
		};
		82DC4C5A2E3EC276007321FE /* Release */ = {
			isa = XCBuildConfiguration;
			buildSettings = {
				ASSETCATALOG_COMPILER_APPICON_NAME = AppIcon;
				ASSETCATALOG_COMPILER_GLOBAL_ACCENT_COLOR_NAME = AccentColor;
				CLANG_ENABLE_MODULES = YES;
				CODE_SIGN_STYLE = Automatic;
				CURRENT_PROJECT_VERSION = 1;
				DEVELOPMENT_ASSET_PATHS = "\"PassRust/Preview Content\"";
				DEVELOPMENT_TEAM = 8JH59DJ45H;
				ENABLE_PREVIEWS = YES;
				FRAMEWORK_SEARCH_PATHS = "$(PROJECT_DIR)/../rust_core/target/xcframework";
				GENERATE_INFOPLIST_FILE = YES;
				INFOPLIST_KEY_UIApplicationSceneManifest_Generation = YES;
				INFOPLIST_KEY_UIApplicationSupportsIndirectInputEvents = YES;
				INFOPLIST_KEY_UILaunchScreen_Generation = YES;
				INFOPLIST_KEY_UISupportedInterfaceOrientations_iPad = "UIInterfaceOrientationPortrait UIInterfaceOrientationPortraitUpsideDown UIInterfaceOrientationLandscapeLeft UIInterfaceOrientationLandscapeRight";
				INFOPLIST_KEY_UISupportedInterfaceOrientations_iPhone = "UIInterfaceOrientationPortrait UIInterfaceOrientationLandscapeLeft UIInterfaceOrientationLandscapeRight";
				LD_RUNPATH_SEARCH_PATHS = (
					"$(inherited)",
					"@executable_path/Frameworks",
				);
				LIBRARY_SEARCH_PATHS = (
					"$(inherited)",
					"$(PROJECT_DIR)/PassRust/RustLib",
				);
				MARKETING_VERSION = 1.0;
				PRODUCT_BUNDLE_IDENTIFIER = geo.PassRust;
				PRODUCT_NAME = "$(TARGET_NAME)";
				SWIFT_EMIT_LOC_STRINGS = YES;
				SWIFT_OBJC_BRIDGING_HEADER = "PassRust-Bridging-Header.h";
				SWIFT_VERSION = 5.0;
				TARGETED_DEVICE_FAMILY = "1,2";
			};
			name = Release;
		};
/* End XCBuildConfiguration section */

/* Begin XCConfigurationList section */
		82DC4C452E3EC274007321FE /* Build configuration list for PBXProject "PassRust" */ = {
			isa = XCConfigurationList;
			buildConfigurations = (
				82DC4C562E3EC276007321FE /* Debug */,
				82DC4C572E3EC276007321FE /* Release */,
			);
			defaultConfigurationIsVisible = 0;
			defaultConfigurationName = Release;
		};
		82DC4C582E3EC276007321FE /* Build configuration list for PBXNativeTarget "PassRust" */ = {
			isa = XCConfigurationList;
			buildConfigurations = (
				82DC4C592E3EC276007321FE /* Debug */,
				82DC4C5A2E3EC276007321FE /* Release */,
			);
			defaultConfigurationIsVisible = 0;
			defaultConfigurationName = Release;
		};
/* End XCConfigurationList section */
	};
	rootObject = 82DC4C422E3EC274007321FE /* Project object */;
}
